
Microsoft Visual Studio Solution File, Format Version 12.00
# Visual Studio 15
VisualStudioVersion = 15.0.26730.16
MinimumVisualStudioVersion = 10.0.40219.1
Project("{FAE04EC0-301F-11D3-BF4B-00C04F79EFBC}") = "ScrumManager", "ScrumManager\ScrumManager.csproj", "{D6051D33-F43A-4068-8F03-7C27EBB3BE1A}"
EndProject
Global
	GlobalSection(SolutionConfigurationPlatforms) = preSolution
		Debug|Any CPU = Debug|Any CPU
		Release|Any CPU = Release|Any CPU
	EndGlobalSection
	GlobalSection(ProjectConfigurationPlatforms) = postSolution
		{D6051D33-F43A-4068-8F03-7C27EBB3BE1A}.Debug|Any CPU.ActiveCfg = Debug|Any CPU
		{D6051D33-F43A-4068-8F03-7C27EBB3BE1A}.Debug|Any CPU.Build.0 = Debug|Any CPU
		{D6051D33-F43A-4068-8F03-7C27EBB3BE1A}.Release|Any CPU.ActiveCfg = Release|Any CPU
		{D6051D33-F43A-4068-8F03-7C27EBB3BE1A}.Release|Any CPU.Build.0 = Release|Any CPU
	EndGlobalSection
	GlobalSection(SolutionProperties) = preSolution
		HideSolutionNode = FALSE
	EndGlobalSection
	GlobalSection(ExtensibilityGlobals) = postSolution
		SolutionGuid = {3B944E61-1BC2-4B80-A1A1-C87A5C54F84B}
	EndGlobalSection
EndGlobal
