
Microsoft Visual Studio Solution File, Format Version 12.00
# Visual Studio 15
VisualStudioVersion = 15.0.26730.16
MinimumVisualStudioVersion = 10.0.40219.1
Project("{FAE04EC0-301F-11D3-BF4B-00C04F79EFBC}") = "ScrumManager", "ScrumManager\ScrumManager.csproj", "{55D61701-755A-47BE-8D8C-7C1700DE659C}"
EndProject
Global
	GlobalSection(SolutionConfigurationPlatforms) = preSolution
		Debug|Any CPU = Debug|Any CPU
		Release|Any CPU = Release|Any CPU
	EndGlobalSection
	GlobalSection(ProjectConfigurationPlatforms) = postSolution
		{55D61701-755A-47BE-8D8C-7C1700DE659C}.Debug|Any CPU.ActiveCfg = Debug|Any CPU
		{55D61701-755A-47BE-8D8C-7C1700DE659C}.Debug|Any CPU.Build.0 = Debug|Any CPU
		{55D61701-755A-47BE-8D8C-7C1700DE659C}.Release|Any CPU.ActiveCfg = Release|Any CPU
		{55D61701-755A-47BE-8D8C-7C1700DE659C}.Release|Any CPU.Build.0 = Release|Any CPU
	EndGlobalSection
	GlobalSection(SolutionProperties) = preSolution
		HideSolutionNode = FALSE
	EndGlobalSection
	GlobalSection(ExtensibilityGlobals) = postSolution
		SolutionGuid = {4DCF208A-F859-4218-9659-B85A8842C410}
	EndGlobalSection
EndGlobal
